{
  "nodes": {
    "chaotic-nyx": {
      "inputs": {
        "flake-schemas": [],
        "home-manager": [],
        "nixpkgs": "nixpkgs"
      },
      "locked": {
        "lastModified": 1785501939,
        "narHash": "sha256-iMAyhLt9Bw5Hqt+M+QZ3wkE6oagrLyud0JHRs17Ko7o=",
        "owner": "chaotic-cx",
        "repo": "nyx",
        "rev": "c8c5cfbc86c0bde55e8956056041ee19d150167e",
        "type": "github"
      },
      "original": {
        "owner": "chaotic-cx",
        "ref": "nyxpkgs-unstable",
        "repo": "nyx",
        "type": "github"
      }
    },
    "nixpkgs": {
      "locked": {
        "lastModified": 1785454630,
        "narHash": "sha256-LQy14TZp77TwbQf40gg1V3jo8FwJG0jGDkAH+zRHqg8=",
        "owner": "NixOS",
        "repo": "nixpkgs",
        "rev": "1559d3daa3ecc813a650b79375ea61b6741b8746",
        "type": "github"
      },
      "original": {
        "owner": "NixOS",
        "ref": "nixos-unstable",
        "repo": "nixpkgs",
        "type": "github"
      }
    },
    "root": {
      "inputs": {
        "chaotic-nyx": "chaotic-nyx",
        "nixpkgs": [
          "chaotic-nyx",
          "nixpkgs"
        ]
      }
    }
  },
  "root": "root",
  "version": 7
}
