{
  "nodes": {
    "chaotic-nyx": {
      "inputs": {
        "flake-schemas": [],
        "home-manager": [],
        "nixpkgs": "nixpkgs"
      },
      "locked": {
        "lastModified": 1787214673,
        "narHash": "sha256-BBlymtrP440Ouyp1Mnn2f616ez2keqYkmSEE745E3Aw=",
        "owner": "chaotic-cx",
        "repo": "nyx",
        "rev": "a64671a08b18f6e21e0c015be9fe857fe0104a59",
        "type": "github"
      },
      "original": {
        "owner": "chaotic-cx",
        "ref": "nyxpkgs-unstable",
        "repo": "nyx",
        "type": "github"
      }
    },
    "nixpkgs": {
      "locked": {
        "lastModified": 1787070829,
        "narHash": "sha256-vXNVDVtvfiQuXthP0NHPFdNvvMTkGpx0UP8oddIWbNk=",
        "owner": "NixOS",
        "repo": "nixpkgs",
        "rev": "0ae2bc1419c3f345984c2629e72e7a631820fa4d",
        "type": "github"
      },
      "original": {
        "owner": "NixOS",
        "ref": "nixos-unstable",
        "repo": "nixpkgs",
        "type": "github"
      }
    },
    "root": {
      "inputs": {
        "chaotic-nyx": "chaotic-nyx",
        "nixpkgs": [
          "chaotic-nyx",
          "nixpkgs"
        ]
      }
    }
  },
  "root": "root",
  "version": 7
}
