{
  "nodes": {
    "chaotic-nyx": {
      "inputs": {
        "flake-schemas": [],
        "home-manager": [],
        "nixpkgs": "nixpkgs"
      },
      "locked": {
        "lastModified": 1786021078,
        "narHash": "sha256-3AaoOGFSQjlg7sDy01to45vpKfN4o/HlkKNbHlcGXPg=",
        "owner": "chaotic-cx",
        "repo": "nyx",
        "rev": "e87c48c44476a860507a38d6093057e23246ef8b",
        "type": "github"
      },
      "original": {
        "owner": "chaotic-cx",
        "ref": "nyxpkgs-unstable",
        "repo": "nyx",
        "type": "github"
      }
    },
    "nixpkgs": {
      "locked": {
        "lastModified": 1785967620,
        "narHash": "sha256-IItrdb7Puk05RqOBWZYFC5X6Wl1sJmCfh5MWVHw5iMM=",
        "owner": "NixOS",
        "repo": "nixpkgs",
        "rev": "b7c2ada94fe99c15b0dbcf4d11fd7850b957a436",
        "type": "github"
      },
      "original": {
        "owner": "NixOS",
        "ref": "nixos-unstable",
        "repo": "nixpkgs",
        "type": "github"
      }
    },
    "root": {
      "inputs": {
        "chaotic-nyx": "chaotic-nyx",
        "nixpkgs": [
          "chaotic-nyx",
          "nixpkgs"
        ]
      }
    }
  },
  "root": "root",
  "version": 7
}
